
Microsoft Visual Studio Solution File, Format Version 12.00
# Visual Studio Version 17
VisualStudioVersion = 17.4.33015.44
MinimumVisualStudioVersion = 10.0.40219.1
Project("{FAE04EC0-301F-11D3-BF4B-00C04F79EFBC}") = "WpfUWP", "WpfUWP.csproj", "{C5A93E7C-2477-48A4-AB42-9D43BFF47C88}"
EndProject
Global
	GlobalSection(SolutionConfigurationPlatforms) = preSolution
		Debug|Any CPU = Debug|Any CPU
		Release|Any CPU = Release|Any CPU
	EndGlobalSection
	GlobalSection(ProjectConfigurationPlatforms) = postSolution
		{C5A93E7C-2477-48A4-AB42-9D43BFF47C88}.Debug|Any CPU.ActiveCfg = Debug|Any CPU
		{C5A93E7C-2477-48A4-AB42-9D43BFF47C88}.Debug|Any CPU.Build.0 = Debug|Any CPU
		{C5A93E7C-2477-48A4-AB42-9D43BFF47C88}.Release|Any CPU.ActiveCfg = Release|Any CPU
		{C5A93E7C-2477-48A4-AB42-9D43BFF47C88}.Release|Any CPU.Build.0 = Release|Any CPU
	EndGlobalSection
	GlobalSection(SolutionProperties) = preSolution
		HideSolutionNode = FALSE
	EndGlobalSection
	GlobalSection(ExtensibilityGlobals) = postSolution
		SolutionGuid = {7C557C9A-49B7-48C1-B38E-56B1EB864B4C}
	EndGlobalSection
EndGlobal
